// !$*UTF8*$!
{
	archiveVersion = 1;
	classes = {
	};
	objectVersion = 52;
	objects = {

/* Begin PBXBuildFile section */
		A425A44A22AFD32000F67C23 /* CardNavigationController.swift in Sources */ = {isa = PBXBuildFile; fileRef = A425A44422AFD31F00F67C23 /* CardNavigationController.swift */; };
		A425A44B22AFD32000F67C23 /* UIViewController+CardNavigationController.swift in Sources */ = {isa = PBXBuildFile; fileRef = A425A44622AFD32000F67C23 /* UIViewController+CardNavigationController.swift */; };
		A425A44C22AFD32000F67C23 /* CardView.swift in Sources */ = {isa = PBXBuildFile; fileRef = A425A44822AFD32000F67C23 /* CardView.swift */; };
		A47AA1DC23533FEA00B49450 /* README.md in Resources */ = {isa = PBXBuildFile; fileRef = A47AA1DB23533FEA00B49450 /* README.md */; };
		A47AA2182353421000B49450 /* SnapKit in Frameworks */ = {isa = PBXBuildFile; productRef = A47AA2172353421000B49450 /* SnapKit */; };
		A48BC9E922AFBF060030EADF /* CardNavigationController.framework in Frameworks */ = {isa = PBXBuildFile; fileRef = A48BC9DF22AFBF060030EADF /* CardNavigationController.framework */; };
		A48BC9EE22AFBF060030EADF /* CardNavigationControllerTests.swift in Sources */ = {isa = PBXBuildFile; fileRef = A48BC9ED22AFBF060030EADF /* CardNavigationControllerTests.swift */; };
		A48BC9F022AFBF060030EADF /* CardNavigationController.h in Headers */ = {isa = PBXBuildFile; fileRef = A48BC9E222AFBF060030EADF /* CardNavigationController.h */; settings = {ATTRIBUTES = (Public, ); }; };
		A4C69EC422BA393600084C9D /* UIViewControllerTests.swift in Sources */ = {isa = PBXBuildFile; fileRef = A4C69EC322BA393600084C9D /* UIViewControllerTests.swift */; };
		A4D3170722B5593A00DB7126 /* Assets.xcassets in Resources */ = {isa = PBXBuildFile; fileRef = A4D3170622B5593A00DB7126 /* Assets.xcassets */; };
		A4D3170C22B66E9800DB7126 /* CardNavigationControllerAppearance.swift in Sources */ = {isa = PBXBuildFile; fileRef = A4D3170B22B66E9800DB7126 /* CardNavigationControllerAppearance.swift */; };
/* End PBXBuildFile section */

/* Begin PBXContainerItemProxy section */
		A48BC9EA22AFBF060030EADF /* PBXContainerItemProxy */ = {
			isa = PBXContainerItemProxy;
			containerPortal = A48BC9D622AFBF060030EADF /* Project object */;
			proxyType = 1;
			remoteGlobalIDString = A48BC9DE22AFBF060030EADF;
			remoteInfo = CardNavigationController;
		};
/* End PBXContainerItemProxy section */

/* Begin PBXFileReference section */
		A425A44422AFD31F00F67C23 /* CardNavigationController.swift */ = {isa = PBXFileReference; fileEncoding = 4; lastKnownFileType = sourcecode.swift; path = CardNavigationController.swift; sourceTree = "<group>"; };
		A425A44622AFD32000F67C23 /* UIViewController+CardNavigationController.swift */ = {isa = PBXFileReference; fileEncoding = 4; lastKnownFileType = sourcecode.swift; path = "UIViewController+CardNavigationController.swift"; sourceTree = "<group>"; };
		A425A44822AFD32000F67C23 /* CardView.swift */ = {isa = PBXFileReference; fileEncoding = 4; lastKnownFileType = sourcecode.swift; path = CardView.swift; sourceTree = "<group>"; };
		A47AA1DA23533FE100B49450 /* Package.swift */ = {isa = PBXFileReference; lastKnownFileType = sourcecode.swift; path = Package.swift; sourceTree = "<group>"; };
		A47AA1DB23533FEA00B49450 /* README.md */ = {isa = PBXFileReference; fileEncoding = 4; lastKnownFileType = net.daringfireball.markdown; path = README.md; sourceTree = "<group>"; };
		A48BC9DF22AFBF060030EADF /* CardNavigationController.framework */ = {isa = PBXFileReference; explicitFileType = wrapper.framework; includeInIndex = 0; path = CardNavigationController.framework; sourceTree = BUILT_PRODUCTS_DIR; };
		A48BC9E222AFBF060030EADF /* CardNavigationController.h */ = {isa = PBXFileReference; lastKnownFileType = sourcecode.c.h; path = CardNavigationController.h; sourceTree = "<group>"; };
		A48BC9E322AFBF060030EADF /* Info.plist */ = {isa = PBXFileReference; lastKnownFileType = text.plist.xml; path = Info.plist; sourceTree = "<group>"; };
		A48BC9E822AFBF060030EADF /* Tests.xctest */ = {isa = PBXFileReference; explicitFileType = wrapper.cfbundle; includeInIndex = 0; path = Tests.xctest; sourceTree = BUILT_PRODUCTS_DIR; };
		A48BC9ED22AFBF060030EADF /* CardNavigationControllerTests.swift */ = {isa = PBXFileReference; lastKnownFileType = sourcecode.swift; path = CardNavigationControllerTests.swift; sourceTree = "<group>"; };
		A48BC9EF22AFBF060030EADF /* Info.plist */ = {isa = PBXFileReference; lastKnownFileType = text.plist.xml; path = Info.plist; sourceTree = "<group>"; };
		A4C69EC322BA393600084C9D /* UIViewControllerTests.swift */ = {isa = PBXFileReference; lastKnownFileType = sourcecode.swift; path = UIViewControllerTests.swift; sourceTree = "<group>"; };
		A4D3170622B5593A00DB7126 /* Assets.xcassets */ = {isa = PBXFileReference; lastKnownFileType = folder.assetcatalog; path = Assets.xcassets; sourceTree = "<group>"; };
		A4D3170B22B66E9800DB7126 /* CardNavigationControllerAppearance.swift */ = {isa = PBXFileReference; lastKnownFileType = sourcecode.swift; path = CardNavigationControllerAppearance.swift; sourceTree = "<group>"; };
/* End PBXFileReference section */

/* Begin PBXFrameworksBuildPhase section */
		A48BC9DC22AFBF060030EADF /* Frameworks */ = {
			isa = PBXFrameworksBuildPhase;
			buildActionMask = 2147483647;
			files = (
				A47AA2182353421000B49450 /* SnapKit in Frameworks */,
			);
			runOnlyForDeploymentPostprocessing = 0;
		};
		A48BC9E522AFBF060030EADF /* Frameworks */ = {
			isa = PBXFrameworksBuildPhase;
			buildActionMask = 2147483647;
			files = (
				A48BC9E922AFBF060030EADF /* CardNavigationController.framework in Frameworks */,
			);
			runOnlyForDeploymentPostprocessing = 0;
		};
/* End PBXFrameworksBuildPhase section */

/* Begin PBXGroup section */
		A425A44222AFD2EA00F67C23 /* Source */ = {
			isa = PBXGroup;
			children = (
				A425A44422AFD31F00F67C23 /* CardNavigationController.swift */,
				A4D3170A22B66DDE00DB7126 /* Protocols */,
				A425A44522AFD32000F67C23 /* Extensions */,
				A425A44722AFD32000F67C23 /* Views */,
			);
			path = Source;
			sourceTree = "<group>";
		};
		A425A44322AFD2EF00F67C23 /* Supporting Files */ = {
			isa = PBXGroup;
			children = (
				A48BC9E222AFBF060030EADF /* CardNavigationController.h */,
				A48BC9E322AFBF060030EADF /* Info.plist */,
				A4D3170622B5593A00DB7126 /* Assets.xcassets */,
			);
			path = "Supporting Files";
			sourceTree = "<group>";
		};
		A425A44522AFD32000F67C23 /* Extensions */ = {
			isa = PBXGroup;
			children = (
				A425A44622AFD32000F67C23 /* UIViewController+CardNavigationController.swift */,
			);
			path = Extensions;
			sourceTree = "<group>";
		};
		A425A44722AFD32000F67C23 /* Views */ = {
			isa = PBXGroup;
			children = (
				A425A44822AFD32000F67C23 /* CardView.swift */,
			);
			path = Views;
			sourceTree = "<group>";
		};
		A47AA1D723533FB300B49450 /* Deployment */ = {
			isa = PBXGroup;
			children = (
				A47AA1DA23533FE100B49450 /* Package.swift */,
			);
			name = Deployment;
			sourceTree = "<group>";
		};
		A47AA1D923533FC300B49450 /* Documentation */ = {
			isa = PBXGroup;
			children = (
				A47AA1DB23533FEA00B49450 /* README.md */,
			);
			name = Documentation;
			sourceTree = "<group>";
		};
		A48BC9D522AFBF060030EADF = {
			isa = PBXGroup;
			children = (
				A47AA1D923533FC300B49450 /* Documentation */,
				A47AA1D723533FB300B49450 /* Deployment */,
				A48BC9E122AFBF060030EADF /* CardNavigationController */,
				A48BC9EC22AFBF060030EADF /* Tests */,
				A48BC9E022AFBF060030EADF /* Products */,
			);
			sourceTree = "<group>";
		};
		A48BC9E022AFBF060030EADF /* Products */ = {
			isa = PBXGroup;
			children = (
				A48BC9DF22AFBF060030EADF /* CardNavigationController.framework */,
				A48BC9E822AFBF060030EADF /* Tests.xctest */,
			);
			name = Products;
			sourceTree = "<group>";
		};
		A48BC9E122AFBF060030EADF /* CardNavigationController */ = {
			isa = PBXGroup;
			children = (
				A425A44222AFD2EA00F67C23 /* Source */,
				A425A44322AFD2EF00F67C23 /* Supporting Files */,
			);
			path = CardNavigationController;
			sourceTree = "<group>";
		};
		A48BC9EC22AFBF060030EADF /* Tests */ = {
			isa = PBXGroup;
			children = (
				A4D3172422BA0D4B00DB7126 /* Source */,
				A4D3172322BA0D4200DB7126 /* Supporting Files */,
			);
			path = Tests;
			sourceTree = "<group>";
		};
		A4D3170A22B66DDE00DB7126 /* Protocols */ = {
			isa = PBXGroup;
			children = (
				A4D3170B22B66E9800DB7126 /* CardNavigationControllerAppearance.swift */,
			);
			path = Protocols;
			sourceTree = "<group>";
		};
		A4D3172322BA0D4200DB7126 /* Supporting Files */ = {
			isa = PBXGroup;
			children = (
				A48BC9EF22AFBF060030EADF /* Info.plist */,
			);
			path = "Supporting Files";
			sourceTree = "<group>";
		};
		A4D3172422BA0D4B00DB7126 /* Source */ = {
			isa = PBXGroup;
			children = (
				A4D3172522BA0D9100DB7126 /* Tests */,
			);
			path = Source;
			sourceTree = "<group>";
		};
		A4D3172522BA0D9100DB7126 /* Tests */ = {
			isa = PBXGroup;
			children = (
				A48BC9ED22AFBF060030EADF /* CardNavigationControllerTests.swift */,
				A4C69EC322BA393600084C9D /* UIViewControllerTests.swift */,
			);
			path = Tests;
			sourceTree = "<group>";
		};
/* End PBXGroup section */

/* Begin PBXHeadersBuildPhase section */
		A48BC9DA22AFBF060030EADF /* Headers */ = {
			isa = PBXHeadersBuildPhase;
			buildActionMask = 2147483647;
			files = (
				A48BC9F022AFBF060030EADF /* CardNavigationController.h in Headers */,
			);
			runOnlyForDeploymentPostprocessing = 0;
		};
/* End PBXHeadersBuildPhase section */

/* Begin PBXNativeTarget section */
		A48BC9DE22AFBF060030EADF /* CardNavigationController */ = {
			isa = PBXNativeTarget;
			buildConfigurationList = A48BC9F322AFBF060030EADF /* Build configuration list for PBXNativeTarget "CardNavigationController" */;
			buildPhases = (
				A48BC9DA22AFBF060030EADF /* Headers */,
				A48BC9DB22AFBF060030EADF /* Sources */,
				A48BC9DC22AFBF060030EADF /* Frameworks */,
				A48BC9DD22AFBF060030EADF /* Resources */,
			);
			buildRules = (
			);
			dependencies = (
			);
			name = CardNavigationController;
			packageProductDependencies = (
				A47AA2172353421000B49450 /* SnapKit */,
			);
			productName = CardNavigationController;
			productReference = A48BC9DF22AFBF060030EADF /* CardNavigationController.framework */;
			productType = "com.apple.product-type.framework";
		};
		A48BC9E722AFBF060030EADF /* Tests */ = {
			isa = PBXNativeTarget;
			buildConfigurationList = A48BC9F622AFBF060030EADF /* Build configuration list for PBXNativeTarget "Tests" */;
			buildPhases = (
				A48BC9E422AFBF060030EADF /* Sources */,
				A48BC9E522AFBF060030EADF /* Frameworks */,
				A48BC9E622AFBF060030EADF /* Resources */,
			);
			buildRules = (
			);
			dependencies = (
				A48BC9EB22AFBF060030EADF /* PBXTargetDependency */,
			);
			name = Tests;
			productName = CardNavigationControllerTests;
			productReference = A48BC9E822AFBF060030EADF /* Tests.xctest */;
			productType = "com.apple.product-type.bundle.unit-test";
		};
/* End PBXNativeTarget section */

/* Begin PBXProject section */
		A48BC9D622AFBF060030EADF /* Project object */ = {
			isa = PBXProject;
			attributes = {
				LastSwiftUpdateCheck = 1020;
				LastUpgradeCheck = 1020;
				ORGANIZATIONNAME = "Plum Fintech Limited";
				TargetAttributes = {
					A48BC9DE22AFBF060030EADF = {
						CreatedOnToolsVersion = 10.2.1;
						LastSwiftMigration = 1020;
					};
					A48BC9E722AFBF060030EADF = {
						CreatedOnToolsVersion = 10.2.1;
					};
				};
			};
			buildConfigurationList = A48BC9D922AFBF060030EADF /* Build configuration list for PBXProject "CardNavigationController" */;
			compatibilityVersion = "Xcode 9.3";
			developmentRegion = en;
			hasScannedForEncodings = 0;
			knownRegions = (
				en,
				Base,
			);
			mainGroup = A48BC9D522AFBF060030EADF;
			packageReferences = (
				A47AA2162353421000B49450 /* XCRemoteSwiftPackageReference "SnapKit" */,
			);
			productRefGroup = A48BC9E022AFBF060030EADF /* Products */;
			projectDirPath = "";
			projectRoot = "";
			targets = (
				A48BC9DE22AFBF060030EADF /* CardNavigationController */,
				A48BC9E722AFBF060030EADF /* Tests */,
			);
		};
/* End PBXProject section */

/* Begin PBXResourcesBuildPhase section */
		A48BC9DD22AFBF060030EADF /* Resources */ = {
			isa = PBXResourcesBuildPhase;
			buildActionMask = 2147483647;
			files = (
				A47AA1DC23533FEA00B49450 /* README.md in Resources */,
				A4D3170722B5593A00DB7126 /* Assets.xcassets in Resources */,
			);
			runOnlyForDeploymentPostprocessing = 0;
		};
		A48BC9E622AFBF060030EADF /* Resources */ = {
			isa = PBXResourcesBuildPhase;
			buildActionMask = 2147483647;
			files = (
			);
			runOnlyForDeploymentPostprocessing = 0;
		};
/* End PBXResourcesBuildPhase section */

/* Begin PBXSourcesBuildPhase section */
		A48BC9DB22AFBF060030EADF /* Sources */ = {
			isa = PBXSourcesBuildPhase;
			buildActionMask = 2147483647;
			files = (
				A4D3170C22B66E9800DB7126 /* CardNavigationControllerAppearance.swift in Sources */,
				A425A44B22AFD32000F67C23 /* UIViewController+CardNavigationController.swift in Sources */,
				A425A44C22AFD32000F67C23 /* CardView.swift in Sources */,
				A425A44A22AFD32000F67C23 /* CardNavigationController.swift in Sources */,
			);
			runOnlyForDeploymentPostprocessing = 0;
		};
		A48BC9E422AFBF060030EADF /* Sources */ = {
			isa = PBXSourcesBuildPhase;
			buildActionMask = 2147483647;
			files = (
				A4C69EC422BA393600084C9D /* UIViewControllerTests.swift in Sources */,
				A48BC9EE22AFBF060030EADF /* CardNavigationControllerTests.swift in Sources */,
			);
			runOnlyForDeploymentPostprocessing = 0;
		};
/* End PBXSourcesBuildPhase section */

/* Begin PBXTargetDependency section */
		A48BC9EB22AFBF060030EADF /* PBXTargetDependency */ = {
			isa = PBXTargetDependency;
			target = A48BC9DE22AFBF060030EADF /* CardNavigationController */;
			targetProxy = A48BC9EA22AFBF060030EADF /* PBXContainerItemProxy */;
		};
/* End PBXTargetDependency section */

/* Begin XCBuildConfiguration section */
		A48BC9F122AFBF060030EADF /* Debug */ = {
			isa = XCBuildConfiguration;
			buildSettings = {
				ALWAYS_SEARCH_USER_PATHS = NO;
				CLANG_ANALYZER_NONNULL = YES;
				CLANG_ANALYZER_NUMBER_OBJECT_CONVERSION = YES_AGGRESSIVE;
				CLANG_CXX_LANGUAGE_STANDARD = "gnu++14";
				CLANG_CXX_LIBRARY = "libc++";
				CLANG_ENABLE_MODULES = YES;
				CLANG_ENABLE_OBJC_ARC = YES;
				CLANG_ENABLE_OBJC_WEAK = YES;
				CLANG_WARN_BLOCK_CAPTURE_AUTORELEASING = YES;
				CLANG_WARN_BOOL_CONVERSION = YES;
				CLANG_WARN_COMMA = YES;
				CLANG_WARN_CONSTANT_CONVERSION = YES;
				CLANG_WARN_DEPRECATED_OBJC_IMPLEMENTATIONS = YES;
				CLANG_WARN_DIRECT_OBJC_ISA_USAGE = YES_ERROR;
				CLANG_WARN_DOCUMENTATION_COMMENTS = YES;
				CLANG_WARN_EMPTY_BODY = YES;
				CLANG_WARN_ENUM_CONVERSION = YES;
				CLANG_WARN_INFINITE_RECURSION = YES;
				CLANG_WARN_INT_CONVERSION = YES;
				CLANG_WARN_NON_LITERAL_NULL_CONVERSION = YES;
				CLANG_WARN_OBJC_IMPLICIT_RETAIN_SELF = YES;
				CLANG_WARN_OBJC_LITERAL_CONVERSION = YES;
				CLANG_WARN_OBJC_ROOT_CLASS = YES_ERROR;
				CLANG_WARN_RANGE_LOOP_ANALYSIS = YES;
				CLANG_WARN_STRICT_PROTOTYPES = YES;
				CLANG_WARN_SUSPICIOUS_MOVE = YES;
				CLANG_WARN_UNGUARDED_AVAILABILITY = YES_AGGRESSIVE;
				CLANG_WARN_UNREACHABLE_CODE = YES;
				CLANG_WARN__DUPLICATE_METHOD_MATCH = YES;
				CODE_SIGN_IDENTITY = "iPhone Developer";
				COPY_PHASE_STRIP = NO;
				CURRENT_PROJECT_VERSION = 1;
				DEBUG_INFORMATION_FORMAT = dwarf;
				ENABLE_STRICT_OBJC_MSGSEND = YES;
				ENABLE_TESTABILITY = YES;
				GCC_C_LANGUAGE_STANDARD = gnu11;
				GCC_DYNAMIC_NO_PIC = NO;
				GCC_NO_COMMON_BLOCKS = YES;
				GCC_OPTIMIZATION_LEVEL = 0;
				GCC_PREPROCESSOR_DEFINITIONS = (
					"DEBUG=1",
					"$(inherited)",
				);
				GCC_WARN_64_TO_32_BIT_CONVERSION = YES;
				GCC_WARN_ABOUT_RETURN_TYPE = YES_ERROR;
				GCC_WARN_UNDECLARED_SELECTOR = YES;
				GCC_WARN_UNINITIALIZED_AUTOS = YES_AGGRESSIVE;
				GCC_WARN_UNUSED_FUNCTION = YES;
				GCC_WARN_UNUSED_VARIABLE = YES;
				IPHONEOS_DEPLOYMENT_TARGET = 12.2;
				MTL_ENABLE_DEBUG_INFO = INCLUDE_SOURCE;
				MTL_FAST_MATH = YES;
				ONLY_ACTIVE_ARCH = YES;
				SDKROOT = iphoneos;
				SWIFT_ACTIVE_COMPILATION_CONDITIONS = DEBUG;
				SWIFT_OPTIMIZATION_LEVEL = "-Onone";
				VERSIONING_SYSTEM = "apple-generic";
				VERSION_INFO_PREFIX = "";
			};
			name = Debug;
		};
		A48BC9F222AFBF060030EADF /* Release */ = {
			isa = XCBuildConfiguration;
			buildSettings = {
				ALWAYS_SEARCH_USER_PATHS = NO;
				CLANG_ANALYZER_NONNULL = YES;
				CLANG_ANALYZER_NUMBER_OBJECT_CONVERSION = YES_AGGRESSIVE;
				CLANG_CXX_LANGUAGE_STANDARD = "gnu++14";
				CLANG_CXX_LIBRARY = "libc++";
				CLANG_ENABLE_MODULES = YES;
				CLANG_ENABLE_OBJC_ARC = YES;
				CLANG_ENABLE_OBJC_WEAK = YES;
				CLANG_WARN_BLOCK_CAPTURE_AUTORELEASING = YES;
				CLANG_WARN_BOOL_CONVERSION = YES;
				CLANG_WARN_COMMA = YES;
				CLANG_WARN_CONSTANT_CONVERSION = YES;
				CLANG_WARN_DEPRECATED_OBJC_IMPLEMENTATIONS = YES;
				CLANG_WARN_DIRECT_OBJC_ISA_USAGE = YES_ERROR;
				CLANG_WARN_DOCUMENTATION_COMMENTS = YES;
				CLANG_WARN_EMPTY_BODY = YES;
				CLANG_WARN_ENUM_CONVERSION = YES;
				CLANG_WARN_INFINITE_RECURSION = YES;
				CLANG_WARN_INT_CONVERSION = YES;
				CLANG_WARN_NON_LITERAL_NULL_CONVERSION = YES;
				CLANG_WARN_OBJC_IMPLICIT_RETAIN_SELF = YES;
				CLANG_WARN_OBJC_LITERAL_CONVERSION = YES;
				CLANG_WARN_OBJC_ROOT_CLASS = YES_ERROR;
				CLANG_WARN_RANGE_LOOP_ANALYSIS = YES;
				CLANG_WARN_STRICT_PROTOTYPES = YES;
				CLANG_WARN_SUSPICIOUS_MOVE = YES;
				CLANG_WARN_UNGUARDED_AVAILABILITY = YES_AGGRESSIVE;
				CLANG_WARN_UNREACHABLE_CODE = YES;
				CLANG_WARN__DUPLICATE_METHOD_MATCH = YES;
				CODE_SIGN_IDENTITY = "iPhone Developer";
				COPY_PHASE_STRIP = NO;
				CURRENT_PROJECT_VERSION = 1;
				DEBUG_INFORMATION_FORMAT = "dwarf-with-dsym";
				ENABLE_NS_ASSERTIONS = NO;
				ENABLE_STRICT_OBJC_MSGSEND = YES;
				GCC_C_LANGUAGE_STANDARD = gnu11;
				GCC_NO_COMMON_BLOCKS = YES;
				GCC_WARN_64_TO_32_BIT_CONVERSION = YES;
				GCC_WARN_ABOUT_RETURN_TYPE = YES_ERROR;
				GCC_WARN_UNDECLARED_SELECTOR = YES;
				GCC_WARN_UNINITIALIZED_AUTOS = YES_AGGRESSIVE;
				GCC_WARN_UNUSED_FUNCTION = YES;
				GCC_WARN_UNUSED_VARIABLE = YES;
				IPHONEOS_DEPLOYMENT_TARGET = 12.2;
				MTL_ENABLE_DEBUG_INFO = NO;
				MTL_FAST_MATH = YES;
				SDKROOT = iphoneos;
				SWIFT_COMPILATION_MODE = wholemodule;
				SWIFT_OPTIMIZATION_LEVEL = "-O";
				VALIDATE_PRODUCT = YES;
				VERSIONING_SYSTEM = "apple-generic";
				VERSION_INFO_PREFIX = "";
			};
			name = Release;
		};
		A48BC9F422AFBF060030EADF /* Debug */ = {
			isa = XCBuildConfiguration;
			buildSettings = {
				CLANG_ENABLE_MODULES = YES;
				CODE_SIGN_IDENTITY = "";
				CODE_SIGN_STYLE = Automatic;
				DEFINES_MODULE = YES;
				DEVELOPMENT_TEAM = URBNY2UJHN;
				DYLIB_COMPATIBILITY_VERSION = 1;
				DYLIB_CURRENT_VERSION = 1;
				DYLIB_INSTALL_NAME_BASE = "@rpath";
				FRAMEWORK_SEARCH_PATHS = "$(inherited)";
				INFOPLIST_FILE = "$(SRCROOT)/CardNavigationController/Supporting Files/Info.plist";
				INSTALL_PATH = "$(LOCAL_LIBRARY_DIR)/Frameworks";
				LD_RUNPATH_SEARCH_PATHS = (
					"$(inherited)",
					"@executable_path/Frameworks",
					"@loader_path/Frameworks",
				);
				PRODUCT_BUNDLE_IDENTIFIER = com.plum.CardNavigationController;
				PRODUCT_NAME = "$(TARGET_NAME:c99extidentifier)";
				SKIP_INSTALL = YES;
				SWIFT_OPTIMIZATION_LEVEL = "-Onone";
				SWIFT_VERSION = 5.0;
				TARGETED_DEVICE_FAMILY = "1,2";
			};
			name = Debug;
		};
		A48BC9F522AFBF060030EADF /* Release */ = {
			isa = XCBuildConfiguration;
			buildSettings = {
				CLANG_ENABLE_MODULES = YES;
				CODE_SIGN_IDENTITY = "";
				CODE_SIGN_STYLE = Automatic;
				DEFINES_MODULE = YES;
				DEVELOPMENT_TEAM = URBNY2UJHN;
				DYLIB_COMPATIBILITY_VERSION = 1;
				DYLIB_CURRENT_VERSION = 1;
				DYLIB_INSTALL_NAME_BASE = "@rpath";
				FRAMEWORK_SEARCH_PATHS = "$(inherited)";
				INFOPLIST_FILE = "$(SRCROOT)/CardNavigationController/Supporting Files/Info.plist";
				INSTALL_PATH = "$(LOCAL_LIBRARY_DIR)/Frameworks";
				LD_RUNPATH_SEARCH_PATHS = (
					"$(inherited)",
					"@executable_path/Frameworks",
					"@loader_path/Frameworks",
				);
				PRODUCT_BUNDLE_IDENTIFIER = com.plum.CardNavigationController;
				PRODUCT_NAME = "$(TARGET_NAME:c99extidentifier)";
				SKIP_INSTALL = YES;
				SWIFT_VERSION = 5.0;
				TARGETED_DEVICE_FAMILY = "1,2";
			};
			name = Release;
		};
		A48BC9F722AFBF060030EADF /* Debug */ = {
			isa = XCBuildConfiguration;
			buildSettings = {
				ALWAYS_EMBED_SWIFT_STANDARD_LIBRARIES = YES;
				CODE_SIGN_STYLE = Automatic;
				DEVELOPMENT_TEAM = URBNY2UJHN;
				INFOPLIST_FILE = "Tests/Supporting Files/Info.plist";
				LD_RUNPATH_SEARCH_PATHS = (
					"$(inherited)",
					"@executable_path/Frameworks",
					"@loader_path/Frameworks",
				);
				PRODUCT_BUNDLE_IDENTIFIER = com.plum.CardNavigationControllerTests;
				PRODUCT_NAME = "$(TARGET_NAME)";
				SWIFT_VERSION = 5.0;
				TARGETED_DEVICE_FAMILY = "1,2";
			};
			name = Debug;
		};
		A48BC9F822AFBF060030EADF /* Release */ = {
			isa = XCBuildConfiguration;
			buildSettings = {
				ALWAYS_EMBED_SWIFT_STANDARD_LIBRARIES = YES;
				CODE_SIGN_STYLE = Automatic;
				DEVELOPMENT_TEAM = URBNY2UJHN;
				INFOPLIST_FILE = "Tests/Supporting Files/Info.plist";
				LD_RUNPATH_SEARCH_PATHS = (
					"$(inherited)",
					"@executable_path/Frameworks",
					"@loader_path/Frameworks",
				);
				PRODUCT_BUNDLE_IDENTIFIER = com.plum.CardNavigationControllerTests;
				PRODUCT_NAME = "$(TARGET_NAME)";
				SWIFT_VERSION = 5.0;
				TARGETED_DEVICE_FAMILY = "1,2";
			};
			name = Release;
		};
/* End XCBuildConfiguration section */

/* Begin XCConfigurationList section */
		A48BC9D922AFBF060030EADF /* Build configuration list for PBXProject "CardNavigationController" */ = {
			isa = XCConfigurationList;
			buildConfigurations = (
				A48BC9F122AFBF060030EADF /* Debug */,
				A48BC9F222AFBF060030EADF /* Release */,
			);
			defaultConfigurationIsVisible = 0;
			defaultConfigurationName = Release;
		};
		A48BC9F322AFBF060030EADF /* Build configuration list for PBXNativeTarget "CardNavigationController" */ = {
			isa = XCConfigurationList;
			buildConfigurations = (
				A48BC9F422AFBF060030EADF /* Debug */,
				A48BC9F522AFBF060030EADF /* Release */,
			);
			defaultConfigurationIsVisible = 0;
			defaultConfigurationName = Release;
		};
		A48BC9F622AFBF060030EADF /* Build configuration list for PBXNativeTarget "Tests" */ = {
			isa = XCConfigurationList;
			buildConfigurations = (
				A48BC9F722AFBF060030EADF /* Debug */,
				A48BC9F822AFBF060030EADF /* Release */,
			);
			defaultConfigurationIsVisible = 0;
			defaultConfigurationName = Release;
		};
/* End XCConfigurationList section */

/* Begin XCRemoteSwiftPackageReference section */
		A47AA2162353421000B49450 /* XCRemoteSwiftPackageReference "SnapKit" */ = {
			isa = XCRemoteSwiftPackageReference;
			repositoryURL = "https://github.com/SnapKit/SnapKit";
			requirement = {
				kind = upToNextMajorVersion;
				minimumVersion = 5.0.1;
			};
		};
/* End XCRemoteSwiftPackageReference section */

/* Begin XCSwiftPackageProductDependency section */
		A47AA2172353421000B49450 /* SnapKit */ = {
			isa = XCSwiftPackageProductDependency;
			package = A47AA2162353421000B49450 /* XCRemoteSwiftPackageReference "SnapKit" */;
			productName = SnapKit;
		};
/* End XCSwiftPackageProductDependency section */
	};
	rootObject = A48BC9D622AFBF060030EADF /* Project object */;
}
